{
  "name": "libraries",
  "lockfileVersion": 3,
  "requires": true,
  "packages": {
    "": {
      "dependencies": {
        "@webdev1404/mars": "^1.0.1"
      }
    },
    "node_modules/@webdev1404/mars": {
      "version": "1.0.1",
      "resolved": "https://registry.npmjs.org/@webdev1404/mars/-/mars-1.0.1.tgz",
      "integrity": "sha512-f0clNAeBVRXBjl4JtIThb6NraWFC2+UqlGglBfWnCwwKv5zh0DQJenY2J56sZZfYA7C4LuQ0LdoPNZfGgzBryA=="
    }
  }
}
